
Microsoft Visual Studio Solution File, Format Version 12.00
# Visual Studio 15
VisualStudioVersion = 15.0.27130.2003
MinimumVisualStudioVersion = 10.0.40219.1
Project("{151D2E53-A2C4-4D7D-83FE-D05416EBD58E}") = "ansible-advancedlinux", "ansible-advancedlinux\ansible-advancedlinux.deployproj", "{B00D4BD1-C1DB-49BD-96D4-32122D37C334}"
EndProject
Global
	GlobalSection(SolutionConfigurationPlatforms) = preSolution
		Debug|Any CPU = Debug|Any CPU
		Release|Any CPU = Release|Any CPU
	EndGlobalSection
	GlobalSection(ProjectConfigurationPlatforms) = postSolution
		{B00D4BD1-C1DB-49BD-96D4-32122D37C334}.Debug|Any CPU.ActiveCfg = Debug|Any CPU
		{B00D4BD1-C1DB-49BD-96D4-32122D37C334}.Debug|Any CPU.Build.0 = Debug|Any CPU
		{B00D4BD1-C1DB-49BD-96D4-32122D37C334}.Release|Any CPU.ActiveCfg = Release|Any CPU
		{B00D4BD1-C1DB-49BD-96D4-32122D37C334}.Release|Any CPU.Build.0 = Release|Any CPU
	EndGlobalSection
	GlobalSection(SolutionProperties) = preSolution
		HideSolutionNode = FALSE
	EndGlobalSection
	GlobalSection(ExtensibilityGlobals) = postSolution
		SolutionGuid = {FAD917E3-4B94-4A16-8AEF-028B57DC1395}
	EndGlobalSection
EndGlobal
